{
  "name": "soc21_guided-tour",
  "version": "1.0.0",
  "lockfileVersion": 1,
  "requires": true,
  "dependencies": {
    "@popperjs/core": {
      "version": "2.9.2",
      "resolved": "https://registry.npmjs.org/@popperjs/core/-/core-2.9.2.tgz",
      "integrity": "sha512-VZMYa7+fXHdwIq1TDhSXoVmSPEGM/aa+6Aiq3nVVJ9bXr24zScr+NlKFKC3iPljA7ho/GAZr+d2jOf5GIRC30Q=="
    },
    "deepmerge": {
      "version": "4.2.2",
      "resolved": "https://registry.npmjs.org/deepmerge/-/deepmerge-4.2.2.tgz",
      "integrity": "sha512-FJ3UgI4gIl+PHZm53knsuSFpE+nESMr7M4v9QcgB7S63Kj/6WqMiFQJpBBYz1Pt+66bZpP3Q7Lye0Oo9MPKEdg=="
    },
    "shepherd.js": {
      "version": "8.3.1",
      "resolved": "https://registry.npmjs.org/shepherd.js/-/shepherd.js-8.3.1.tgz",
      "integrity": "sha512-IhxZNhnK2m/pNTXudNfYrcwvcZNWkeYngQbQee8nC3xJ2GjeIatGqivhdZAMZ+LeogZvKMakB931d/V534uhrw==",
      "requires": {
        "@popperjs/core": "^2.9.2",
        "deepmerge": "^4.2.2",
        "smoothscroll-polyfill": "^0.4.4"
      }
    },
    "smoothscroll-polyfill": {
      "version": "0.4.4",
      "resolved": "https://registry.npmjs.org/smoothscroll-polyfill/-/smoothscroll-polyfill-0.4.4.tgz",
      "integrity": "sha512-TK5ZA9U5RqCwMpfoMq/l1mrH0JAR7y7KRvOBx0n2869aLxch+gT9GhN3yUfjiw+d/DiF1mKo14+hd62JyMmoBg=="
    }
  }
}
